// !$*UTF8*$!
{
	archiveVersion = 1;
	classes = {
	};
	objectVersion = 56;
	objects = {

/* Begin PBXBuildFile section */
		6914488A2CAA104B00D69878 /* HomeModelDTOTests.swift in Sources */ = {isa = PBXBuildFile; fileRef = 691448892CAA104B00D69878 /* HomeModelDTOTests.swift */; };
		6914488D2CAA1E0B00D69878 /* HomeDataSourceTests.swift in Sources */ = {isa = PBXBuildFile; fileRef = 6914488C2CAA1E0B00D69878 /* HomeDataSourceTests.swift */; };
		6914488F2CAA392600D69878 /* SpotlightModelTests.swift in Sources */ = {isa = PBXBuildFile; fileRef = 6914488E2CAA392600D69878 /* SpotlightModelTests.swift */; };
		691448912CAA397400D69878 /* ProductModelTests.swift in Sources */ = {isa = PBXBuildFile; fileRef = 691448902CAA397400D69878 /* ProductModelTests.swift */; };
		691448932CAA39B800D69878 /* CashModelTests.swift in Sources */ = {isa = PBXBuildFile; fileRef = 691448922CAA39B800D69878 /* CashModelTests.swift */; };
		69C4E6CD2CA7491C00E67563 /* DigioLucasHubertApp.swift in Sources */ = {isa = PBXBuildFile; fileRef = 69C4E6CC2CA7491C00E67563 /* DigioLucasHubertApp.swift */; };
		69C4E6D12CA7491E00E67563 /* Assets.xcassets in Resources */ = {isa = PBXBuildFile; fileRef = 69C4E6D02CA7491E00E67563 /* Assets.xcassets */; };
		69C4E6D42CA7491E00E67563 /* Preview Assets.xcassets in Resources */ = {isa = PBXBuildFile; fileRef = 69C4E6D32CA7491E00E67563 /* Preview Assets.xcassets */; };
		69C4E6DE2CA7491E00E67563 /* DigioLucasHubertTests.swift in Sources */ = {isa = PBXBuildFile; fileRef = 69C4E6DD2CA7491E00E67563 /* DigioLucasHubertTests.swift */; };
		69C4E6E82CA7491E00E67563 /* DigioLucasHubertUITests.swift in Sources */ = {isa = PBXBuildFile; fileRef = 69C4E6E72CA7491E00E67563 /* DigioLucasHubertUITests.swift */; };
		69C4E6EA2CA7491E00E67563 /* DigioLucasHubertUITestsLaunchTests.swift in Sources */ = {isa = PBXBuildFile; fileRef = 69C4E6E92CA7491E00E67563 /* DigioLucasHubertUITestsLaunchTests.swift */; };
		69C4E6FE2CA74B9400E67563 /* HomeDataSourceImpl.swift in Sources */ = {isa = PBXBuildFile; fileRef = 69C4E6FD2CA74B9400E67563 /* HomeDataSourceImpl.swift */; };
		69C4E7032CA7606A00E67563 /* HomeViewModel.swift in Sources */ = {isa = PBXBuildFile; fileRef = 69C4E7022CA7606A00E67563 /* HomeViewModel.swift */; };
		69C4E7052CA7607800E67563 /* HomeView.swift in Sources */ = {isa = PBXBuildFile; fileRef = 69C4E7042CA7607800E67563 /* HomeView.swift */; };
		69C4E7072CA7610E00E67563 /* HomeModelDTO.swift in Sources */ = {isa = PBXBuildFile; fileRef = 69C4E7062CA7610E00E67563 /* HomeModelDTO.swift */; };
		69C4E7092CA7613900E67563 /* SpotlightModel.swift in Sources */ = {isa = PBXBuildFile; fileRef = 69C4E7082CA7613900E67563 /* SpotlightModel.swift */; };
		69C4E70B2CA7614600E67563 /* ProductModel.swift in Sources */ = {isa = PBXBuildFile; fileRef = 69C4E70A2CA7614600E67563 /* ProductModel.swift */; };
		69C4E70D2CA7615C00E67563 /* CashModel.swift in Sources */ = {isa = PBXBuildFile; fileRef = 69C4E70C2CA7615C00E67563 /* CashModel.swift */; };
		69C4E70F2CA7639A00E67563 /* HomeRepositoryImpl.swift in Sources */ = {isa = PBXBuildFile; fileRef = 69C4E70E2CA7639A00E67563 /* HomeRepositoryImpl.swift */; };
		69C4E7112CA763CD00E67563 /* HomeDataSourceProtocol.swift in Sources */ = {isa = PBXBuildFile; fileRef = 69C4E7102CA763CD00E67563 /* HomeDataSourceProtocol.swift */; };
		69C4E7132CA763F100E67563 /* HomeRepositoryProtocol.swift in Sources */ = {isa = PBXBuildFile; fileRef = 69C4E7122CA763F100E67563 /* HomeRepositoryProtocol.swift */; };
		69C4E7152CA764AA00E67563 /* GetSpotlightUseCase.swift in Sources */ = {isa = PBXBuildFile; fileRef = 69C4E7142CA764AA00E67563 /* GetSpotlightUseCase.swift */; };
		69C4E7172CA7654800E67563 /* GetProductsUseCase.swift in Sources */ = {isa = PBXBuildFile; fileRef = 69C4E7162CA7654800E67563 /* GetProductsUseCase.swift */; };
		69C4E7192CA7659600E67563 /* GetCashUseCase.swift in Sources */ = {isa = PBXBuildFile; fileRef = 69C4E7182CA7659600E67563 /* GetCashUseCase.swift */; };
		69CF91F82CA882C4001A3598 /* HomeDependencyInjection.swift in Sources */ = {isa = PBXBuildFile; fileRef = 69CF91F72CA882C4001A3598 /* HomeDependencyInjection.swift */; };
		69CF91FD2CA88457001A3598 /* HomeSpotlightView.swift in Sources */ = {isa = PBXBuildFile; fileRef = 69CF91FC2CA88457001A3598 /* HomeSpotlightView.swift */; };
		69CF92032CA9D238001A3598 /* HomeHeaderView.swift in Sources */ = {isa = PBXBuildFile; fileRef = 69CF92022CA9D238001A3598 /* HomeHeaderView.swift */; };
		69CF92052CA9DA1C001A3598 /* HomeSessionHeader.swift in Sources */ = {isa = PBXBuildFile; fileRef = 69CF92042CA9DA1C001A3598 /* HomeSessionHeader.swift */; };
		69CF92072CA9E224001A3598 /* HomeCashView.swift in Sources */ = {isa = PBXBuildFile; fileRef = 69CF92062CA9E224001A3598 /* HomeCashView.swift */; };
		69CF92092CA9E445001A3598 /* HomeProductsView.swift in Sources */ = {isa = PBXBuildFile; fileRef = 69CF92082CA9E445001A3598 /* HomeProductsView.swift */; };
		69CF920D2CA9F286001A3598 /* ToastModel.swift in Sources */ = {isa = PBXBuildFile; fileRef = 69CF920C2CA9F285001A3598 /* ToastModel.swift */; };
		69CF920F2CA9F2C5001A3598 /* ToastView.swift in Sources */ = {isa = PBXBuildFile; fileRef = 69CF920E2CA9F2C5001A3598 /* ToastView.swift */; };
		69CF92112CA9F2E6001A3598 /* ToastModifier.swift in Sources */ = {isa = PBXBuildFile; fileRef = 69CF92102CA9F2E6001A3598 /* ToastModifier.swift */; };
		69CF92142CA9F324001A3598 /* View+Toast.swift in Sources */ = {isa = PBXBuildFile; fileRef = 69CF92132CA9F324001A3598 /* View+Toast.swift */; };
/* End PBXBuildFile section */

/* Begin PBXContainerItemProxy section */
		69C4E6DA2CA7491E00E67563 /* PBXContainerItemProxy */ = {
			isa = PBXContainerItemProxy;
			containerPortal = 69C4E6C12CA7491C00E67563 /* Project object */;
			proxyType = 1;
			remoteGlobalIDString = 69C4E6C82CA7491C00E67563;
			remoteInfo = DigioLucasHubert;
		};
		69C4E6E42CA7491E00E67563 /* PBXContainerItemProxy */ = {
			isa = PBXContainerItemProxy;
			containerPortal = 69C4E6C12CA7491C00E67563 /* Project object */;
			proxyType = 1;
			remoteGlobalIDString = 69C4E6C82CA7491C00E67563;
			remoteInfo = DigioLucasHubert;
		};
/* End PBXContainerItemProxy section */

/* Begin PBXFileReference section */
		691448892CAA104B00D69878 /* HomeModelDTOTests.swift */ = {isa = PBXFileReference; lastKnownFileType = sourcecode.swift; path = HomeModelDTOTests.swift; sourceTree = "<group>"; };
		6914488C2CAA1E0B00D69878 /* HomeDataSourceTests.swift */ = {isa = PBXFileReference; lastKnownFileType = sourcecode.swift; path = HomeDataSourceTests.swift; sourceTree = "<group>"; };
		6914488E2CAA392600D69878 /* SpotlightModelTests.swift */ = {isa = PBXFileReference; lastKnownFileType = sourcecode.swift; path = SpotlightModelTests.swift; sourceTree = "<group>"; };
		691448902CAA397400D69878 /* ProductModelTests.swift */ = {isa = PBXFileReference; lastKnownFileType = sourcecode.swift; path = ProductModelTests.swift; sourceTree = "<group>"; };
		691448922CAA39B800D69878 /* CashModelTests.swift */ = {isa = PBXFileReference; lastKnownFileType = sourcecode.swift; path = CashModelTests.swift; sourceTree = "<group>"; };
		69C4E6C92CA7491C00E67563 /* DigioLucasHubert.app */ = {isa = PBXFileReference; explicitFileType = wrapper.application; includeInIndex = 0; path = DigioLucasHubert.app; sourceTree = BUILT_PRODUCTS_DIR; };
		69C4E6CC2CA7491C00E67563 /* DigioLucasHubertApp.swift */ = {isa = PBXFileReference; lastKnownFileType = sourcecode.swift; path = DigioLucasHubertApp.swift; sourceTree = "<group>"; };
		69C4E6D02CA7491E00E67563 /* Assets.xcassets */ = {isa = PBXFileReference; lastKnownFileType = folder.assetcatalog; path = Assets.xcassets; sourceTree = "<group>"; };
		69C4E6D32CA7491E00E67563 /* Preview Assets.xcassets */ = {isa = PBXFileReference; lastKnownFileType = folder.assetcatalog; path = "Preview Assets.xcassets"; sourceTree = "<group>"; };
		69C4E6D92CA7491E00E67563 /* DigioLucasHubertTests.xctest */ = {isa = PBXFileReference; explicitFileType = wrapper.cfbundle; includeInIndex = 0; path = DigioLucasHubertTests.xctest; sourceTree = BUILT_PRODUCTS_DIR; };
		69C4E6DD2CA7491E00E67563 /* DigioLucasHubertTests.swift */ = {isa = PBXFileReference; lastKnownFileType = sourcecode.swift; path = DigioLucasHubertTests.swift; sourceTree = "<group>"; };
		69C4E6E32CA7491E00E67563 /* DigioLucasHubertUITests.xctest */ = {isa = PBXFileReference; explicitFileType = wrapper.cfbundle; includeInIndex = 0; path = DigioLucasHubertUITests.xctest; sourceTree = BUILT_PRODUCTS_DIR; };
		69C4E6E72CA7491E00E67563 /* DigioLucasHubertUITests.swift */ = {isa = PBXFileReference; lastKnownFileType = sourcecode.swift; path = DigioLucasHubertUITests.swift; sourceTree = "<group>"; };
		69C4E6E92CA7491E00E67563 /* DigioLucasHubertUITestsLaunchTests.swift */ = {isa = PBXFileReference; lastKnownFileType = sourcecode.swift; path = DigioLucasHubertUITestsLaunchTests.swift; sourceTree = "<group>"; };
		69C4E6FD2CA74B9400E67563 /* HomeDataSourceImpl.swift */ = {isa = PBXFileReference; lastKnownFileType = sourcecode.swift; path = HomeDataSourceImpl.swift; sourceTree = "<group>"; };
		69C4E7022CA7606A00E67563 /* HomeViewModel.swift */ = {isa = PBXFileReference; lastKnownFileType = sourcecode.swift; path = HomeViewModel.swift; sourceTree = "<group>"; };
		69C4E7042CA7607800E67563 /* HomeView.swift */ = {isa = PBXFileReference; lastKnownFileType = sourcecode.swift; path = HomeView.swift; sourceTree = "<group>"; };
		69C4E7062CA7610E00E67563 /* HomeModelDTO.swift */ = {isa = PBXFileReference; lastKnownFileType = sourcecode.swift; path = HomeModelDTO.swift; sourceTree = "<group>"; };
		69C4E7082CA7613900E67563 /* SpotlightModel.swift */ = {isa = PBXFileReference; lastKnownFileType = sourcecode.swift; path = SpotlightModel.swift; sourceTree = "<group>"; };
		69C4E70A2CA7614600E67563 /* ProductModel.swift */ = {isa = PBXFileReference; lastKnownFileType = sourcecode.swift; path = ProductModel.swift; sourceTree = "<group>"; };
		69C4E70C2CA7615C00E67563 /* CashModel.swift */ = {isa = PBXFileReference; lastKnownFileType = sourcecode.swift; path = CashModel.swift; sourceTree = "<group>"; };
		69C4E70E2CA7639A00E67563 /* HomeRepositoryImpl.swift */ = {isa = PBXFileReference; lastKnownFileType = sourcecode.swift; path = HomeRepositoryImpl.swift; sourceTree = "<group>"; };
		69C4E7102CA763CD00E67563 /* HomeDataSourceProtocol.swift */ = {isa = PBXFileReference; lastKnownFileType = sourcecode.swift; path = HomeDataSourceProtocol.swift; sourceTree = "<group>"; };
		69C4E7122CA763F100E67563 /* HomeRepositoryProtocol.swift */ = {isa = PBXFileReference; lastKnownFileType = sourcecode.swift; path = HomeRepositoryProtocol.swift; sourceTree = "<group>"; };
		69C4E7142CA764AA00E67563 /* GetSpotlightUseCase.swift */ = {isa = PBXFileReference; lastKnownFileType = sourcecode.swift; path = GetSpotlightUseCase.swift; sourceTree = "<group>"; };
		69C4E7162CA7654800E67563 /* GetProductsUseCase.swift */ = {isa = PBXFileReference; lastKnownFileType = sourcecode.swift; path = GetProductsUseCase.swift; sourceTree = "<group>"; };
		69C4E7182CA7659600E67563 /* GetCashUseCase.swift */ = {isa = PBXFileReference; lastKnownFileType = sourcecode.swift; path = GetCashUseCase.swift; sourceTree = "<group>"; };
		69CF91F72CA882C4001A3598 /* HomeDependencyInjection.swift */ = {isa = PBXFileReference; lastKnownFileType = sourcecode.swift; path = HomeDependencyInjection.swift; sourceTree = "<group>"; };
		69CF91FC2CA88457001A3598 /* HomeSpotlightView.swift */ = {isa = PBXFileReference; lastKnownFileType = sourcecode.swift; path = HomeSpotlightView.swift; sourceTree = "<group>"; };
		69CF92022CA9D238001A3598 /* HomeHeaderView.swift */ = {isa = PBXFileReference; lastKnownFileType = sourcecode.swift; path = HomeHeaderView.swift; sourceTree = "<group>"; };
		69CF92042CA9DA1C001A3598 /* HomeSessionHeader.swift */ = {isa = PBXFileReference; lastKnownFileType = sourcecode.swift; path = HomeSessionHeader.swift; sourceTree = "<group>"; };
		69CF92062CA9E224001A3598 /* HomeCashView.swift */ = {isa = PBXFileReference; lastKnownFileType = sourcecode.swift; path = HomeCashView.swift; sourceTree = "<group>"; };
		69CF92082CA9E445001A3598 /* HomeProductsView.swift */ = {isa = PBXFileReference; lastKnownFileType = sourcecode.swift; path = HomeProductsView.swift; sourceTree = "<group>"; };
		69CF920C2CA9F285001A3598 /* ToastModel.swift */ = {isa = PBXFileReference; lastKnownFileType = sourcecode.swift; path = ToastModel.swift; sourceTree = "<group>"; };
		69CF920E2CA9F2C5001A3598 /* ToastView.swift */ = {isa = PBXFileReference; lastKnownFileType = sourcecode.swift; path = ToastView.swift; sourceTree = "<group>"; };
		69CF92102CA9F2E6001A3598 /* ToastModifier.swift */ = {isa = PBXFileReference; lastKnownFileType = sourcecode.swift; path = ToastModifier.swift; sourceTree = "<group>"; };
		69CF92132CA9F324001A3598 /* View+Toast.swift */ = {isa = PBXFileReference; lastKnownFileType = sourcecode.swift; path = "View+Toast.swift"; sourceTree = "<group>"; };
/* End PBXFileReference section */

/* Begin PBXFrameworksBuildPhase section */
		69C4E6C62CA7491C00E67563 /* Frameworks */ = {
			isa = PBXFrameworksBuildPhase;
			buildActionMask = 2147483647;
			files = (
			);
			runOnlyForDeploymentPostprocessing = 0;
		};
		69C4E6D62CA7491E00E67563 /* Frameworks */ = {
			isa = PBXFrameworksBuildPhase;
			buildActionMask = 2147483647;
			files = (
			);
			runOnlyForDeploymentPostprocessing = 0;
		};
		69C4E6E02CA7491E00E67563 /* Frameworks */ = {
			isa = PBXFrameworksBuildPhase;
			buildActionMask = 2147483647;
			files = (
			);
			runOnlyForDeploymentPostprocessing = 0;
		};
/* End PBXFrameworksBuildPhase section */

/* Begin PBXGroup section */
		691448882CAA103600D69878 /* Domain */ = {
			isa = PBXGroup;
			children = (
				691448892CAA104B00D69878 /* HomeModelDTOTests.swift */,
				691448922CAA39B800D69878 /* CashModelTests.swift */,
				6914488E2CAA392600D69878 /* SpotlightModelTests.swift */,
				691448902CAA397400D69878 /* ProductModelTests.swift */,
			);
			path = Domain;
			sourceTree = "<group>";
		};
		6914488B2CAA1DEE00D69878 /* DataSource */ = {
			isa = PBXGroup;
			children = (
				6914488C2CAA1E0B00D69878 /* HomeDataSourceTests.swift */,
			);
			path = DataSource;
			sourceTree = "<group>";
		};
		69C4E6C02CA7491C00E67563 = {
			isa = PBXGroup;
			children = (
				69C4E6CB2CA7491C00E67563 /* DigioLucasHubert */,
				69C4E6DC2CA7491E00E67563 /* DigioLucasHubertTests */,
				69C4E6E62CA7491E00E67563 /* DigioLucasHubertUITests */,
				69C4E6CA2CA7491C00E67563 /* Products */,
			);
			sourceTree = "<group>";
		};
		69C4E6CA2CA7491C00E67563 /* Products */ = {
			isa = PBXGroup;
			children = (
				69C4E6C92CA7491C00E67563 /* DigioLucasHubert.app */,
				69C4E6D92CA7491E00E67563 /* DigioLucasHubertTests.xctest */,
				69C4E6E32CA7491E00E67563 /* DigioLucasHubertUITests.xctest */,
			);
			name = Products;
			sourceTree = "<group>";
		};
		69C4E6CB2CA7491C00E67563 /* DigioLucasHubert */ = {
			isa = PBXGroup;
			children = (
				69CF92122CA9F310001A3598 /* Extensions */,
				69CF920A2CA9F25E001A3598 /* Common */,
				69C4E6F82CA7498E00E67563 /* Presenter */,
				69C4E6F72CA7498500E67563 /* DataSource */,
				69C4E6F62CA7497900E67563 /* Domain */,
				69C4E6CC2CA7491C00E67563 /* DigioLucasHubertApp.swift */,
				69C4E6D02CA7491E00E67563 /* Assets.xcassets */,
				69C4E6D22CA7491E00E67563 /* Preview Content */,
			);
			path = DigioLucasHubert;
			sourceTree = "<group>";
		};
		69C4E6D22CA7491E00E67563 /* Preview Content */ = {
			isa = PBXGroup;
			children = (
				69C4E6D32CA7491E00E67563 /* Preview Assets.xcassets */,
			);
			path = "Preview Content";
			sourceTree = "<group>";
		};
		69C4E6DC2CA7491E00E67563 /* DigioLucasHubertTests */ = {
			isa = PBXGroup;
			children = (
				6914488B2CAA1DEE00D69878 /* DataSource */,
				691448882CAA103600D69878 /* Domain */,
				69C4E6DD2CA7491E00E67563 /* DigioLucasHubertTests.swift */,
			);
			path = DigioLucasHubertTests;
			sourceTree = "<group>";
		};
		69C4E6E62CA7491E00E67563 /* DigioLucasHubertUITests */ = {
			isa = PBXGroup;
			children = (
				69C4E6E72CA7491E00E67563 /* DigioLucasHubertUITests.swift */,
				69C4E6E92CA7491E00E67563 /* DigioLucasHubertUITestsLaunchTests.swift */,
			);
			path = DigioLucasHubertUITests;
			sourceTree = "<group>";
		};
		69C4E6F62CA7497900E67563 /* Domain */ = {
			isa = PBXGroup;
			children = (
				69C4E7012CA74BB800E67563 /* Model */,
				69C4E7002CA74BB000E67563 /* UseCases */,
				69C4E6FF2CA74BA700E67563 /* Repository */,
			);
			path = Domain;
			sourceTree = "<group>";
		};
		69C4E6F72CA7498500E67563 /* DataSource */ = {
			isa = PBXGroup;
			children = (
				69C4E6FC2CA74B8900E67563 /* Home */,
			);
			path = DataSource;
			sourceTree = "<group>";
		};
		69C4E6F82CA7498E00E67563 /* Presenter */ = {
			isa = PBXGroup;
			children = (
				69C4E6F92CA749EB00E67563 /* Home */,
			);
			path = Presenter;
			sourceTree = "<group>";
		};
		69C4E6F92CA749EB00E67563 /* Home */ = {
			isa = PBXGroup;
			children = (
				69C4E6FB2CA74AC500E67563 /* ViewModel */,
				69C4E6FA2CA74ABD00E67563 /* View */,
			);
			path = Home;
			sourceTree = "<group>";
		};
		69C4E6FA2CA74ABD00E67563 /* View */ = {
			isa = PBXGroup;
			children = (
				69CF91F92CA8841D001A3598 /* Components */,
				69C4E7042CA7607800E67563 /* HomeView.swift */,
			);
			path = View;
			sourceTree = "<group>";
		};
		69C4E6FB2CA74AC500E67563 /* ViewModel */ = {
			isa = PBXGroup;
			children = (
				69C4E7022CA7606A00E67563 /* HomeViewModel.swift */,
				69CF91F72CA882C4001A3598 /* HomeDependencyInjection.swift */,
			);
			path = ViewModel;
			sourceTree = "<group>";
		};
		69C4E6FC2CA74B8900E67563 /* Home */ = {
			isa = PBXGroup;
			children = (
				69C4E6FD2CA74B9400E67563 /* HomeDataSourceImpl.swift */,
			);
			path = Home;
			sourceTree = "<group>";
		};
		69C4E6FF2CA74BA700E67563 /* Repository */ = {
			isa = PBXGroup;
			children = (
				69C4E70E2CA7639A00E67563 /* HomeRepositoryImpl.swift */,
				69C4E7122CA763F100E67563 /* HomeRepositoryProtocol.swift */,
				69C4E7102CA763CD00E67563 /* HomeDataSourceProtocol.swift */,
			);
			path = Repository;
			sourceTree = "<group>";
		};
		69C4E7002CA74BB000E67563 /* UseCases */ = {
			isa = PBXGroup;
			children = (
				69C4E7142CA764AA00E67563 /* GetSpotlightUseCase.swift */,
				69C4E7162CA7654800E67563 /* GetProductsUseCase.swift */,
				69C4E7182CA7659600E67563 /* GetCashUseCase.swift */,
			);
			path = UseCases;
			sourceTree = "<group>";
		};
		69C4E7012CA74BB800E67563 /* Model */ = {
			isa = PBXGroup;
			children = (
				69C4E7062CA7610E00E67563 /* HomeModelDTO.swift */,
				69C4E7082CA7613900E67563 /* SpotlightModel.swift */,
				69C4E70A2CA7614600E67563 /* ProductModel.swift */,
				69C4E70C2CA7615C00E67563 /* CashModel.swift */,
			);
			path = Model;
			sourceTree = "<group>";
		};
		69CF91F92CA8841D001A3598 /* Components */ = {
			isa = PBXGroup;
			children = (
				69CF91FC2CA88457001A3598 /* HomeSpotlightView.swift */,
				69CF92082CA9E445001A3598 /* HomeProductsView.swift */,
				69CF92022CA9D238001A3598 /* HomeHeaderView.swift */,
				69CF92042CA9DA1C001A3598 /* HomeSessionHeader.swift */,
				69CF92062CA9E224001A3598 /* HomeCashView.swift */,
			);
			path = Components;
			sourceTree = "<group>";
		};
		69CF920A2CA9F25E001A3598 /* Common */ = {
			isa = PBXGroup;
			children = (
				69CF920B2CA9F26D001A3598 /* Toast */,
			);
			path = Common;
			sourceTree = "<group>";
		};
		69CF920B2CA9F26D001A3598 /* Toast */ = {
			isa = PBXGroup;
			children = (
				69CF920C2CA9F285001A3598 /* ToastModel.swift */,
				69CF92102CA9F2E6001A3598 /* ToastModifier.swift */,
				69CF920E2CA9F2C5001A3598 /* ToastView.swift */,
			);
			path = Toast;
			sourceTree = "<group>";
		};
		69CF92122CA9F310001A3598 /* Extensions */ = {
			isa = PBXGroup;
			children = (
				69CF92132CA9F324001A3598 /* View+Toast.swift */,
			);
			path = Extensions;
			sourceTree = "<group>";
		};
/* End PBXGroup section */

/* Begin PBXNativeTarget section */
		69C4E6C82CA7491C00E67563 /* DigioLucasHubert */ = {
			isa = PBXNativeTarget;
			buildConfigurationList = 69C4E6ED2CA7491E00E67563 /* Build configuration list for PBXNativeTarget "DigioLucasHubert" */;
			buildPhases = (
				69C4E6C52CA7491C00E67563 /* Sources */,
				69C4E6C62CA7491C00E67563 /* Frameworks */,
				69C4E6C72CA7491C00E67563 /* Resources */,
				69CF92162CA9FE7D001A3598 /* SwiftLint */,
			);
			buildRules = (
			);
			dependencies = (
			);
			name = DigioLucasHubert;
			productName = DigioLucasHubert;
			productReference = 69C4E6C92CA7491C00E67563 /* DigioLucasHubert.app */;
			productType = "com.apple.product-type.application";
		};
		69C4E6D82CA7491E00E67563 /* DigioLucasHubertTests */ = {
			isa = PBXNativeTarget;
			buildConfigurationList = 69C4E6F02CA7491E00E67563 /* Build configuration list for PBXNativeTarget "DigioLucasHubertTests" */;
			buildPhases = (
				69C4E6D52CA7491E00E67563 /* Sources */,
				69C4E6D62CA7491E00E67563 /* Frameworks */,
				69C4E6D72CA7491E00E67563 /* Resources */,
			);
			buildRules = (
			);
			dependencies = (
				69C4E6DB2CA7491E00E67563 /* PBXTargetDependency */,
			);
			name = DigioLucasHubertTests;
			productName = DigioLucasHubertTests;
			productReference = 69C4E6D92CA7491E00E67563 /* DigioLucasHubertTests.xctest */;
			productType = "com.apple.product-type.bundle.unit-test";
		};
		69C4E6E22CA7491E00E67563 /* DigioLucasHubertUITests */ = {
			isa = PBXNativeTarget;
			buildConfigurationList = 69C4E6F32CA7491E00E67563 /* Build configuration list for PBXNativeTarget "DigioLucasHubertUITests" */;
			buildPhases = (
				69C4E6DF2CA7491E00E67563 /* Sources */,
				69C4E6E02CA7491E00E67563 /* Frameworks */,
				69C4E6E12CA7491E00E67563 /* Resources */,
			);
			buildRules = (
			);
			dependencies = (
				69C4E6E52CA7491E00E67563 /* PBXTargetDependency */,
			);
			name = DigioLucasHubertUITests;
			productName = DigioLucasHubertUITests;
			productReference = 69C4E6E32CA7491E00E67563 /* DigioLucasHubertUITests.xctest */;
			productType = "com.apple.product-type.bundle.ui-testing";
		};
/* End PBXNativeTarget section */

/* Begin PBXProject section */
		69C4E6C12CA7491C00E67563 /* Project object */ = {
			isa = PBXProject;
			attributes = {
				BuildIndependentTargetsInParallel = 1;
				LastSwiftUpdateCheck = 1520;
				LastUpgradeCheck = 1520;
				TargetAttributes = {
					69C4E6C82CA7491C00E67563 = {
						CreatedOnToolsVersion = 15.2;
					};
					69C4E6D82CA7491E00E67563 = {
						CreatedOnToolsVersion = 15.2;
						TestTargetID = 69C4E6C82CA7491C00E67563;
					};
					69C4E6E22CA7491E00E67563 = {
						CreatedOnToolsVersion = 15.2;
						TestTargetID = 69C4E6C82CA7491C00E67563;
					};
				};
			};
			buildConfigurationList = 69C4E6C42CA7491C00E67563 /* Build configuration list for PBXProject "DigioLucasHubert" */;
			compatibilityVersion = "Xcode 14.0";
			developmentRegion = en;
			hasScannedForEncodings = 0;
			knownRegions = (
				en,
				Base,
			);
			mainGroup = 69C4E6C02CA7491C00E67563;
			packageReferences = (
				691448872CAA0A2C00D69878 /* XCRemoteSwiftPackageReference "SwiftLint" */,
			);
			productRefGroup = 69C4E6CA2CA7491C00E67563 /* Products */;
			projectDirPath = "";
			projectRoot = "";
			targets = (
				69C4E6C82CA7491C00E67563 /* DigioLucasHubert */,
				69C4E6D82CA7491E00E67563 /* DigioLucasHubertTests */,
				69C4E6E22CA7491E00E67563 /* DigioLucasHubertUITests */,
			);
		};
/* End PBXProject section */

/* Begin PBXResourcesBuildPhase section */
		69C4E6C72CA7491C00E67563 /* Resources */ = {
			isa = PBXResourcesBuildPhase;
			buildActionMask = 2147483647;
			files = (
				69C4E6D42CA7491E00E67563 /* Preview Assets.xcassets in Resources */,
				69C4E6D12CA7491E00E67563 /* Assets.xcassets in Resources */,
			);
			runOnlyForDeploymentPostprocessing = 0;
		};
		69C4E6D72CA7491E00E67563 /* Resources */ = {
			isa = PBXResourcesBuildPhase;
			buildActionMask = 2147483647;
			files = (
			);
			runOnlyForDeploymentPostprocessing = 0;
		};
		69C4E6E12CA7491E00E67563 /* Resources */ = {
			isa = PBXResourcesBuildPhase;
			buildActionMask = 2147483647;
			files = (
			);
			runOnlyForDeploymentPostprocessing = 0;
		};
/* End PBXResourcesBuildPhase section */

/* Begin PBXShellScriptBuildPhase section */
		69CF92162CA9FE7D001A3598 /* SwiftLint */ = {
			isa = PBXShellScriptBuildPhase;
			alwaysOutOfDate = 1;
			buildActionMask = 2147483647;
			files = (
			);
			inputFileListPaths = (
			);
			inputPaths = (
			);
			name = SwiftLint;
			outputFileListPaths = (
			);
			outputPaths = (
			);
			runOnlyForDeploymentPostprocessing = 0;
			shellPath = /bin/sh;
			shellScript = "# Type a script or drag a script file from your workspace to insert its path.\nif [[ \"$(uname -m)\" == arm64 ]]; then\n    export PATH=\"/opt/homebrew/bin:$PATH\"\nfi\n\nif which swiftlint >/dev/null; then\n    swiftlint\nelse\n    echo \"warning: Swiftlint not installed, download from https://github.com/realm/SwiftLint\"\nfi\n";
			showEnvVarsInLog = 0;
		};
/* End PBXShellScriptBuildPhase section */

/* Begin PBXSourcesBuildPhase section */
		69C4E6C52CA7491C00E67563 /* Sources */ = {
			isa = PBXSourcesBuildPhase;
			buildActionMask = 2147483647;
			files = (
				69C4E6FE2CA74B9400E67563 /* HomeDataSourceImpl.swift in Sources */,
				69CF92092CA9E445001A3598 /* HomeProductsView.swift in Sources */,
				69CF92072CA9E224001A3598 /* HomeCashView.swift in Sources */,
				69C4E7092CA7613900E67563 /* SpotlightModel.swift in Sources */,
				69C4E7072CA7610E00E67563 /* HomeModelDTO.swift in Sources */,
				69C4E6CD2CA7491C00E67563 /* DigioLucasHubertApp.swift in Sources */,
				69CF920F2CA9F2C5001A3598 /* ToastView.swift in Sources */,
				69CF92112CA9F2E6001A3598 /* ToastModifier.swift in Sources */,
				69CF91FD2CA88457001A3598 /* HomeSpotlightView.swift in Sources */,
				69CF91F82CA882C4001A3598 /* HomeDependencyInjection.swift in Sources */,
				69C4E7052CA7607800E67563 /* HomeView.swift in Sources */,
				69CF920D2CA9F286001A3598 /* ToastModel.swift in Sources */,
				69CF92142CA9F324001A3598 /* View+Toast.swift in Sources */,
				69C4E7192CA7659600E67563 /* GetCashUseCase.swift in Sources */,
				69CF92032CA9D238001A3598 /* HomeHeaderView.swift in Sources */,
				69C4E7032CA7606A00E67563 /* HomeViewModel.swift in Sources */,
				69CF92052CA9DA1C001A3598 /* HomeSessionHeader.swift in Sources */,
				69C4E70D2CA7615C00E67563 /* CashModel.swift in Sources */,
				69C4E7112CA763CD00E67563 /* HomeDataSourceProtocol.swift in Sources */,
				69C4E7132CA763F100E67563 /* HomeRepositoryProtocol.swift in Sources */,
				69C4E70F2CA7639A00E67563 /* HomeRepositoryImpl.swift in Sources */,
				69C4E7172CA7654800E67563 /* GetProductsUseCase.swift in Sources */,
				69C4E70B2CA7614600E67563 /* ProductModel.swift in Sources */,
				69C4E7152CA764AA00E67563 /* GetSpotlightUseCase.swift in Sources */,
			);
			runOnlyForDeploymentPostprocessing = 0;
		};
		69C4E6D52CA7491E00E67563 /* Sources */ = {
			isa = PBXSourcesBuildPhase;
			buildActionMask = 2147483647;
			files = (
				6914488F2CAA392600D69878 /* SpotlightModelTests.swift in Sources */,
				6914488A2CAA104B00D69878 /* HomeModelDTOTests.swift in Sources */,
				6914488D2CAA1E0B00D69878 /* HomeDataSourceTests.swift in Sources */,
				691448912CAA397400D69878 /* ProductModelTests.swift in Sources */,
				691448932CAA39B800D69878 /* CashModelTests.swift in Sources */,
				69C4E6DE2CA7491E00E67563 /* DigioLucasHubertTests.swift in Sources */,
			);
			runOnlyForDeploymentPostprocessing = 0;
		};
		69C4E6DF2CA7491E00E67563 /* Sources */ = {
			isa = PBXSourcesBuildPhase;
			buildActionMask = 2147483647;
			files = (
				69C4E6EA2CA7491E00E67563 /* DigioLucasHubertUITestsLaunchTests.swift in Sources */,
				69C4E6E82CA7491E00E67563 /* DigioLucasHubertUITests.swift in Sources */,
			);
			runOnlyForDeploymentPostprocessing = 0;
		};
/* End PBXSourcesBuildPhase section */

/* Begin PBXTargetDependency section */
		69C4E6DB2CA7491E00E67563 /* PBXTargetDependency */ = {
			isa = PBXTargetDependency;
			target = 69C4E6C82CA7491C00E67563 /* DigioLucasHubert */;
			targetProxy = 69C4E6DA2CA7491E00E67563 /* PBXContainerItemProxy */;
		};
		69C4E6E52CA7491E00E67563 /* PBXTargetDependency */ = {
			isa = PBXTargetDependency;
			target = 69C4E6C82CA7491C00E67563 /* DigioLucasHubert */;
			targetProxy = 69C4E6E42CA7491E00E67563 /* PBXContainerItemProxy */;
		};
/* End PBXTargetDependency section */

/* Begin XCBuildConfiguration section */
		69C4E6EB2CA7491E00E67563 /* Debug */ = {
			isa = XCBuildConfiguration;
			buildSettings = {
				ALWAYS_SEARCH_USER_PATHS = NO;
				ASSETCATALOG_COMPILER_GENERATE_SWIFT_ASSET_SYMBOL_EXTENSIONS = YES;
				CLANG_ANALYZER_NONNULL = YES;
				CLANG_ANALYZER_NUMBER_OBJECT_CONVERSION = YES_AGGRESSIVE;
				CLANG_CXX_LANGUAGE_STANDARD = "gnu++20";
				CLANG_ENABLE_MODULES = YES;
				CLANG_ENABLE_OBJC_ARC = YES;
				CLANG_ENABLE_OBJC_WEAK = YES;
				CLANG_WARN_BLOCK_CAPTURE_AUTORELEASING = YES;
				CLANG_WARN_BOOL_CONVERSION = YES;
				CLANG_WARN_COMMA = YES;
				CLANG_WARN_CONSTANT_CONVERSION = YES;
				CLANG_WARN_DEPRECATED_OBJC_IMPLEMENTATIONS = YES;
				CLANG_WARN_DIRECT_OBJC_ISA_USAGE = YES_ERROR;
				CLANG_WARN_DOCUMENTATION_COMMENTS = YES;
				CLANG_WARN_EMPTY_BODY = YES;
				CLANG_WARN_ENUM_CONVERSION = YES;
				CLANG_WARN_INFINITE_RECURSION = YES;
				CLANG_WARN_INT_CONVERSION = YES;
				CLANG_WARN_NON_LITERAL_NULL_CONVERSION = YES;
				CLANG_WARN_OBJC_IMPLICIT_RETAIN_SELF = YES;
				CLANG_WARN_OBJC_LITERAL_CONVERSION = YES;
				CLANG_WARN_OBJC_ROOT_CLASS = YES_ERROR;
				CLANG_WARN_QUOTED_INCLUDE_IN_FRAMEWORK_HEADER = YES;
				CLANG_WARN_RANGE_LOOP_ANALYSIS = YES;
				CLANG_WARN_STRICT_PROTOTYPES = YES;
				CLANG_WARN_SUSPICIOUS_MOVE = YES;
				CLANG_WARN_UNGUARDED_AVAILABILITY = YES_AGGRESSIVE;
				CLANG_WARN_UNREACHABLE_CODE = YES;
				CLANG_WARN__DUPLICATE_METHOD_MATCH = YES;
				COPY_PHASE_STRIP = NO;
				DEBUG_INFORMATION_FORMAT = dwarf;
				ENABLE_STRICT_OBJC_MSGSEND = YES;
				ENABLE_TESTABILITY = YES;
				ENABLE_USER_SCRIPT_SANDBOXING = YES;
				GCC_C_LANGUAGE_STANDARD = gnu17;
				GCC_DYNAMIC_NO_PIC = NO;
				GCC_NO_COMMON_BLOCKS = YES;
				GCC_OPTIMIZATION_LEVEL = 0;
				GCC_PREPROCESSOR_DEFINITIONS = (
					"DEBUG=1",
					"$(inherited)",
				);
				GCC_WARN_64_TO_32_BIT_CONVERSION = YES;
				GCC_WARN_ABOUT_RETURN_TYPE = YES_ERROR;
				GCC_WARN_UNDECLARED_SELECTOR = YES;
				GCC_WARN_UNINITIALIZED_AUTOS = YES_AGGRESSIVE;
				GCC_WARN_UNUSED_FUNCTION = YES;
				GCC_WARN_UNUSED_VARIABLE = YES;
				IPHONEOS_DEPLOYMENT_TARGET = 17.2;
				LOCALIZATION_PREFERS_STRING_CATALOGS = YES;
				MTL_ENABLE_DEBUG_INFO = INCLUDE_SOURCE;
				MTL_FAST_MATH = YES;
				ONLY_ACTIVE_ARCH = YES;
				SDKROOT = iphoneos;
				SWIFT_ACTIVE_COMPILATION_CONDITIONS = "DEBUG $(inherited)";
				SWIFT_OPTIMIZATION_LEVEL = "-Onone";
			};
			name = Debug;
		};
		69C4E6EC2CA7491E00E67563 /* Release */ = {
			isa = XCBuildConfiguration;
			buildSettings = {
				ALWAYS_SEARCH_USER_PATHS = NO;
				ASSETCATALOG_COMPILER_GENERATE_SWIFT_ASSET_SYMBOL_EXTENSIONS = YES;
				CLANG_ANALYZER_NONNULL = YES;
				CLANG_ANALYZER_NUMBER_OBJECT_CONVERSION = YES_AGGRESSIVE;
				CLANG_CXX_LANGUAGE_STANDARD = "gnu++20";
				CLANG_ENABLE_MODULES = YES;
				CLANG_ENABLE_OBJC_ARC = YES;
				CLANG_ENABLE_OBJC_WEAK = YES;
				CLANG_WARN_BLOCK_CAPTURE_AUTORELEASING = YES;
				CLANG_WARN_BOOL_CONVERSION = YES;
				CLANG_WARN_COMMA = YES;
				CLANG_WARN_CONSTANT_CONVERSION = YES;
				CLANG_WARN_DEPRECATED_OBJC_IMPLEMENTATIONS = YES;
				CLANG_WARN_DIRECT_OBJC_ISA_USAGE = YES_ERROR;
				CLANG_WARN_DOCUMENTATION_COMMENTS = YES;
				CLANG_WARN_EMPTY_BODY = YES;
				CLANG_WARN_ENUM_CONVERSION = YES;
				CLANG_WARN_INFINITE_RECURSION = YES;
				CLANG_WARN_INT_CONVERSION = YES;
				CLANG_WARN_NON_LITERAL_NULL_CONVERSION = YES;
				CLANG_WARN_OBJC_IMPLICIT_RETAIN_SELF = YES;
				CLANG_WARN_OBJC_LITERAL_CONVERSION = YES;
				CLANG_WARN_OBJC_ROOT_CLASS = YES_ERROR;
				CLANG_WARN_QUOTED_INCLUDE_IN_FRAMEWORK_HEADER = YES;
				CLANG_WARN_RANGE_LOOP_ANALYSIS = YES;
				CLANG_WARN_STRICT_PROTOTYPES = YES;
				CLANG_WARN_SUSPICIOUS_MOVE = YES;
				CLANG_WARN_UNGUARDED_AVAILABILITY = YES_AGGRESSIVE;
				CLANG_WARN_UNREACHABLE_CODE = YES;
				CLANG_WARN__DUPLICATE_METHOD_MATCH = YES;
				COPY_PHASE_STRIP = NO;
				DEBUG_INFORMATION_FORMAT = "dwarf-with-dsym";
				ENABLE_NS_ASSERTIONS = NO;
				ENABLE_STRICT_OBJC_MSGSEND = YES;
				ENABLE_USER_SCRIPT_SANDBOXING = YES;
				GCC_C_LANGUAGE_STANDARD = gnu17;
				GCC_NO_COMMON_BLOCKS = YES;
				GCC_WARN_64_TO_32_BIT_CONVERSION = YES;
				GCC_WARN_ABOUT_RETURN_TYPE = YES_ERROR;
				GCC_WARN_UNDECLARED_SELECTOR = YES;
				GCC_WARN_UNINITIALIZED_AUTOS = YES_AGGRESSIVE;
				GCC_WARN_UNUSED_FUNCTION = YES;
				GCC_WARN_UNUSED_VARIABLE = YES;
				IPHONEOS_DEPLOYMENT_TARGET = 17.2;
				LOCALIZATION_PREFERS_STRING_CATALOGS = YES;
				MTL_ENABLE_DEBUG_INFO = NO;
				MTL_FAST_MATH = YES;
				SDKROOT = iphoneos;
				SWIFT_COMPILATION_MODE = wholemodule;
				VALIDATE_PRODUCT = YES;
			};
			name = Release;
		};
		69C4E6EE2CA7491E00E67563 /* Debug */ = {
			isa = XCBuildConfiguration;
			buildSettings = {
				ASSETCATALOG_COMPILER_APPICON_NAME = AppIcon;
				ASSETCATALOG_COMPILER_GLOBAL_ACCENT_COLOR_NAME = AccentColor;
				CODE_SIGN_STYLE = Automatic;
				CURRENT_PROJECT_VERSION = 1;
				DEVELOPMENT_ASSET_PATHS = "\"DigioLucasHubert/Preview Content\"";
				DEVELOPMENT_TEAM = 76WUJ9PUX7;
				ENABLE_PREVIEWS = YES;
				ENABLE_USER_SCRIPT_SANDBOXING = NO;
				GENERATE_INFOPLIST_FILE = YES;
				INFOPLIST_KEY_UIApplicationSceneManifest_Generation = YES;
				INFOPLIST_KEY_UIApplicationSupportsIndirectInputEvents = YES;
				INFOPLIST_KEY_UILaunchScreen_Generation = YES;
				INFOPLIST_KEY_UISupportedInterfaceOrientations_iPad = "UIInterfaceOrientationPortrait UIInterfaceOrientationPortraitUpsideDown UIInterfaceOrientationLandscapeLeft UIInterfaceOrientationLandscapeRight";
				INFOPLIST_KEY_UISupportedInterfaceOrientations_iPhone = "UIInterfaceOrientationPortrait UIInterfaceOrientationLandscapeLeft UIInterfaceOrientationLandscapeRight";
				LD_RUNPATH_SEARCH_PATHS = (
					"$(inherited)",
					"@executable_path/Frameworks",
				);
				MARKETING_VERSION = 1.0;
				PRODUCT_BUNDLE_IDENTIFIER = com.hubert.DigioLucasHubert;
				PRODUCT_NAME = "$(TARGET_NAME)";
				SWIFT_EMIT_LOC_STRINGS = YES;
				SWIFT_VERSION = 5.0;
				TARGETED_DEVICE_FAMILY = "1,2";
			};
			name = Debug;
		};
		69C4E6EF2CA7491E00E67563 /* Release */ = {
			isa = XCBuildConfiguration;
			buildSettings = {
				ASSETCATALOG_COMPILER_APPICON_NAME = AppIcon;
				ASSETCATALOG_COMPILER_GLOBAL_ACCENT_COLOR_NAME = AccentColor;
				CODE_SIGN_STYLE = Automatic;
				CURRENT_PROJECT_VERSION = 1;
				DEVELOPMENT_ASSET_PATHS = "\"DigioLucasHubert/Preview Content\"";
				DEVELOPMENT_TEAM = 76WUJ9PUX7;
				ENABLE_PREVIEWS = YES;
				ENABLE_USER_SCRIPT_SANDBOXING = NO;
				GENERATE_INFOPLIST_FILE = YES;
				INFOPLIST_KEY_UIApplicationSceneManifest_Generation = YES;
				INFOPLIST_KEY_UIApplicationSupportsIndirectInputEvents = YES;
				INFOPLIST_KEY_UILaunchScreen_Generation = YES;
				INFOPLIST_KEY_UISupportedInterfaceOrientations_iPad = "UIInterfaceOrientationPortrait UIInterfaceOrientationPortraitUpsideDown UIInterfaceOrientationLandscapeLeft UIInterfaceOrientationLandscapeRight";
				INFOPLIST_KEY_UISupportedInterfaceOrientations_iPhone = "UIInterfaceOrientationPortrait UIInterfaceOrientationLandscapeLeft UIInterfaceOrientationLandscapeRight";
				LD_RUNPATH_SEARCH_PATHS = (
					"$(inherited)",
					"@executable_path/Frameworks",
				);
				MARKETING_VERSION = 1.0;
				PRODUCT_BUNDLE_IDENTIFIER = com.hubert.DigioLucasHubert;
				PRODUCT_NAME = "$(TARGET_NAME)";
				SWIFT_EMIT_LOC_STRINGS = YES;
				SWIFT_VERSION = 5.0;
				TARGETED_DEVICE_FAMILY = "1,2";
			};
			name = Release;
		};
		69C4E6F12CA7491E00E67563 /* Debug */ = {
			isa = XCBuildConfiguration;
			buildSettings = {
				ALWAYS_EMBED_SWIFT_STANDARD_LIBRARIES = YES;
				BUNDLE_LOADER = "$(TEST_HOST)";
				CODE_SIGN_STYLE = Automatic;
				CURRENT_PROJECT_VERSION = 1;
				DEVELOPMENT_TEAM = 76WUJ9PUX7;
				GENERATE_INFOPLIST_FILE = YES;
				IPHONEOS_DEPLOYMENT_TARGET = 17.2;
				MARKETING_VERSION = 1.0;
				PRODUCT_BUNDLE_IDENTIFIER = com.hubert.DigioLucasHubertTests;
				PRODUCT_NAME = "$(TARGET_NAME)";
				SWIFT_EMIT_LOC_STRINGS = NO;
				SWIFT_VERSION = 5.0;
				TARGETED_DEVICE_FAMILY = "1,2";
				TEST_HOST = "$(BUILT_PRODUCTS_DIR)/DigioLucasHubert.app/$(BUNDLE_EXECUTABLE_FOLDER_PATH)/DigioLucasHubert";
			};
			name = Debug;
		};
		69C4E6F22CA7491E00E67563 /* Release */ = {
			isa = XCBuildConfiguration;
			buildSettings = {
				ALWAYS_EMBED_SWIFT_STANDARD_LIBRARIES = YES;
				BUNDLE_LOADER = "$(TEST_HOST)";
				CODE_SIGN_STYLE = Automatic;
				CURRENT_PROJECT_VERSION = 1;
				DEVELOPMENT_TEAM = 76WUJ9PUX7;
				GENERATE_INFOPLIST_FILE = YES;
				IPHONEOS_DEPLOYMENT_TARGET = 17.2;
				MARKETING_VERSION = 1.0;
				PRODUCT_BUNDLE_IDENTIFIER = com.hubert.DigioLucasHubertTests;
				PRODUCT_NAME = "$(TARGET_NAME)";
				SWIFT_EMIT_LOC_STRINGS = NO;
				SWIFT_VERSION = 5.0;
				TARGETED_DEVICE_FAMILY = "1,2";
				TEST_HOST = "$(BUILT_PRODUCTS_DIR)/DigioLucasHubert.app/$(BUNDLE_EXECUTABLE_FOLDER_PATH)/DigioLucasHubert";
			};
			name = Release;
		};
		69C4E6F42CA7491E00E67563 /* Debug */ = {
			isa = XCBuildConfiguration;
			buildSettings = {
				ALWAYS_EMBED_SWIFT_STANDARD_LIBRARIES = YES;
				CODE_SIGN_STYLE = Automatic;
				CURRENT_PROJECT_VERSION = 1;
				DEVELOPMENT_TEAM = 76WUJ9PUX7;
				GENERATE_INFOPLIST_FILE = YES;
				MARKETING_VERSION = 1.0;
				PRODUCT_BUNDLE_IDENTIFIER = com.hubert.DigioLucasHubertUITests;
				PRODUCT_NAME = "$(TARGET_NAME)";
				SWIFT_EMIT_LOC_STRINGS = NO;
				SWIFT_VERSION = 5.0;
				TARGETED_DEVICE_FAMILY = "1,2";
				TEST_TARGET_NAME = DigioLucasHubert;
			};
			name = Debug;
		};
		69C4E6F52CA7491E00E67563 /* Release */ = {
			isa = XCBuildConfiguration;
			buildSettings = {
				ALWAYS_EMBED_SWIFT_STANDARD_LIBRARIES = YES;
				CODE_SIGN_STYLE = Automatic;
				CURRENT_PROJECT_VERSION = 1;
				DEVELOPMENT_TEAM = 76WUJ9PUX7;
				GENERATE_INFOPLIST_FILE = YES;
				MARKETING_VERSION = 1.0;
				PRODUCT_BUNDLE_IDENTIFIER = com.hubert.DigioLucasHubertUITests;
				PRODUCT_NAME = "$(TARGET_NAME)";
				SWIFT_EMIT_LOC_STRINGS = NO;
				SWIFT_VERSION = 5.0;
				TARGETED_DEVICE_FAMILY = "1,2";
				TEST_TARGET_NAME = DigioLucasHubert;
			};
			name = Release;
		};
/* End XCBuildConfiguration section */

/* Begin XCConfigurationList section */
		69C4E6C42CA7491C00E67563 /* Build configuration list for PBXProject "DigioLucasHubert" */ = {
			isa = XCConfigurationList;
			buildConfigurations = (
				69C4E6EB2CA7491E00E67563 /* Debug */,
				69C4E6EC2CA7491E00E67563 /* Release */,
			);
			defaultConfigurationIsVisible = 0;
			defaultConfigurationName = Release;
		};
		69C4E6ED2CA7491E00E67563 /* Build configuration list for PBXNativeTarget "DigioLucasHubert" */ = {
			isa = XCConfigurationList;
			buildConfigurations = (
				69C4E6EE2CA7491E00E67563 /* Debug */,
				69C4E6EF2CA7491E00E67563 /* Release */,
			);
			defaultConfigurationIsVisible = 0;
			defaultConfigurationName = Release;
		};
		69C4E6F02CA7491E00E67563 /* Build configuration list for PBXNativeTarget "DigioLucasHubertTests" */ = {
			isa = XCConfigurationList;
			buildConfigurations = (
				69C4E6F12CA7491E00E67563 /* Debug */,
				69C4E6F22CA7491E00E67563 /* Release */,
			);
			defaultConfigurationIsVisible = 0;
			defaultConfigurationName = Release;
		};
		69C4E6F32CA7491E00E67563 /* Build configuration list for PBXNativeTarget "DigioLucasHubertUITests" */ = {
			isa = XCConfigurationList;
			buildConfigurations = (
				69C4E6F42CA7491E00E67563 /* Debug */,
				69C4E6F52CA7491E00E67563 /* Release */,
			);
			defaultConfigurationIsVisible = 0;
			defaultConfigurationName = Release;
		};
/* End XCConfigurationList section */

/* Begin XCRemoteSwiftPackageReference section */
		691448872CAA0A2C00D69878 /* XCRemoteSwiftPackageReference "SwiftLint" */ = {
			isa = XCRemoteSwiftPackageReference;
			repositoryURL = "https://github.com/realm/SwiftLint";
			requirement = {
				kind = upToNextMajorVersion;
				minimumVersion = 0.57.0;
			};
		};
/* End XCRemoteSwiftPackageReference section */
	};
	rootObject = 69C4E6C12CA7491C00E67563 /* Project object */;
}
